
Microsoft Visual Studio Solution File, Format Version 12.00
# Visual Studio Version 17
VisualStudioVersion = 17.0.31903.59
MinimumVisualStudioVersion = 10.0.40219.1
Project("{2150E333-8FDC-42A3-9474-1A3956D46DE8}") = "SolutionItems", "SolutionItems", "{03BADBAC-DF59-408D-A8DA-016AF2E0C66F}"
	ProjectSection(SolutionItems) = preProject
		common.props = common.props
		README.md = README.md
	EndProjectSection
EndProject
Project("{2150E333-8FDC-42A3-9474-1A3956D46DE8}") = "Source", "Source", "{12AA77A8-32EF-4A30-9634-BF7AD3020D11}"
EndProject
Project("{9A19103F-16F7-4668-BE54-9A1E7A4F7556}") = "TDesign.Admin", "src\TDesign.Admin\TDesign.Admin.csproj", "{E6FC1CF2-C131-4FA0-B16C-74C9152A38CD}"
EndProject
Project("{2150E333-8FDC-42A3-9474-1A3956D46DE8}") = "Demo", "Demo", "{A5182A27-C6B2-4B6A-B96D-D3B584F48DAF}"
EndProject
Project("{FAE04EC0-301F-11D3-BF4B-00C04F79EFBC}") = "TDesign.Admin.Demo.Server", "demo\TDesign.Admin.Demo\Server\TDesign.Admin.Demo.Server.csproj", "{58949149-3924-4D3E-AFF1-C7FEA9659B80}"
EndProject
Project("{FAE04EC0-301F-11D3-BF4B-00C04F79EFBC}") = "TDesign.Admin.Demo.Client", "demo\TDesign.Admin.Demo\Client\TDesign.Admin.Demo.Client.csproj", "{F24C3FAF-7E48-4312-9AAB-56A0AB53D7FD}"
EndProject
Project("{FAE04EC0-301F-11D3-BF4B-00C04F79EFBC}") = "TDesign.Admin.Demo.Shared", "demo\TDesign.Admin.Demo\Shared\TDesign.Admin.Demo.Shared.csproj", "{7886CDDE-CE2E-4FA5-9464-4A8B80319398}"
EndProject
Project("{9A19103F-16F7-4668-BE54-9A1E7A4F7556}") = "TDesign", "..\TDesignBlazor\src\TDesign\TDesign.csproj", "{198383CD-6551-4DA6-B7D0-B6762DE91FCB}"
EndProject
Global
	GlobalSection(SolutionConfigurationPlatforms) = preSolution
		Debug|Any CPU = Debug|Any CPU
		Release|Any CPU = Release|Any CPU
	EndGlobalSection
	GlobalSection(ProjectConfigurationPlatforms) = postSolution
		{E6FC1CF2-C131-4FA0-B16C-74C9152A38CD}.Debug|Any CPU.ActiveCfg = Debug|Any CPU
		{E6FC1CF2-C131-4FA0-B16C-74C9152A38CD}.Debug|Any CPU.Build.0 = Debug|Any CPU
		{E6FC1CF2-C131-4FA0-B16C-74C9152A38CD}.Release|Any CPU.ActiveCfg = Release|Any CPU
		{E6FC1CF2-C131-4FA0-B16C-74C9152A38CD}.Release|Any CPU.Build.0 = Release|Any CPU
		{58949149-3924-4D3E-AFF1-C7FEA9659B80}.Debug|Any CPU.ActiveCfg = Debug|Any CPU
		{58949149-3924-4D3E-AFF1-C7FEA9659B80}.Debug|Any CPU.Build.0 = Debug|Any CPU
		{58949149-3924-4D3E-AFF1-C7FEA9659B80}.Release|Any CPU.ActiveCfg = Release|Any CPU
		{58949149-3924-4D3E-AFF1-C7FEA9659B80}.Release|Any CPU.Build.0 = Release|Any CPU
		{F24C3FAF-7E48-4312-9AAB-56A0AB53D7FD}.Debug|Any CPU.ActiveCfg = Debug|Any CPU
		{F24C3FAF-7E48-4312-9AAB-56A0AB53D7FD}.Debug|Any CPU.Build.0 = Debug|Any CPU
		{F24C3FAF-7E48-4312-9AAB-56A0AB53D7FD}.Release|Any CPU.ActiveCfg = Release|Any CPU
		{F24C3FAF-7E48-4312-9AAB-56A0AB53D7FD}.Release|Any CPU.Build.0 = Release|Any CPU
		{7886CDDE-CE2E-4FA5-9464-4A8B80319398}.Debug|Any CPU.ActiveCfg = Debug|Any CPU
		{7886CDDE-CE2E-4FA5-9464-4A8B80319398}.Debug|Any CPU.Build.0 = Debug|Any CPU
		{7886CDDE-CE2E-4FA5-9464-4A8B80319398}.Release|Any CPU.ActiveCfg = Release|Any CPU
		{7886CDDE-CE2E-4FA5-9464-4A8B80319398}.Release|Any CPU.Build.0 = Release|Any CPU
		{198383CD-6551-4DA6-B7D0-B6762DE91FCB}.Debug|Any CPU.ActiveCfg = Debug|Any CPU
		{198383CD-6551-4DA6-B7D0-B6762DE91FCB}.Debug|Any CPU.Build.0 = Debug|Any CPU
		{198383CD-6551-4DA6-B7D0-B6762DE91FCB}.Release|Any CPU.ActiveCfg = Release|Any CPU
		{198383CD-6551-4DA6-B7D0-B6762DE91FCB}.Release|Any CPU.Build.0 = Release|Any CPU
	EndGlobalSection
	GlobalSection(SolutionProperties) = preSolution
		HideSolutionNode = FALSE
	EndGlobalSection
	GlobalSection(NestedProjects) = preSolution
		{E6FC1CF2-C131-4FA0-B16C-74C9152A38CD} = {12AA77A8-32EF-4A30-9634-BF7AD3020D11}
		{58949149-3924-4D3E-AFF1-C7FEA9659B80} = {A5182A27-C6B2-4B6A-B96D-D3B584F48DAF}
		{F24C3FAF-7E48-4312-9AAB-56A0AB53D7FD} = {A5182A27-C6B2-4B6A-B96D-D3B584F48DAF}
		{7886CDDE-CE2E-4FA5-9464-4A8B80319398} = {A5182A27-C6B2-4B6A-B96D-D3B584F48DAF}
		{198383CD-6551-4DA6-B7D0-B6762DE91FCB} = {12AA77A8-32EF-4A30-9634-BF7AD3020D11}
	EndGlobalSection
	GlobalSection(ExtensibilityGlobals) = postSolution
		SolutionGuid = {148B15E8-AF51-46F0-A377-A0195240180E}
	EndGlobalSection
EndGlobal
