
Microsoft Visual Studio Solution File, Format Version 12.00
# Visual Studio Version 17
VisualStudioVersion = 17.0.31903.59
MinimumVisualStudioVersion = 10.0.40219.1
Project("{2150E333-8FDC-42A3-9474-1A3956D46DE8}") = "SolutionItems", "SolutionItems", "{03BADBAC-DF59-408D-A8DA-016AF2E0C66F}"
	ProjectSection(SolutionItems) = preProject
		common.props = common.props
		README.md = README.md
	EndProjectSection
EndProject
Project("{2150E333-8FDC-42A3-9474-1A3956D46DE8}") = "Source", "Source", "{12AA77A8-32EF-4A30-9634-BF7AD3020D11}"
EndProject
Project("{9A19103F-16F7-4668-BE54-9A1E7A4F7556}") = "TDesign.Admin", "src\TDesign.Admin\TDesign.Admin.csproj", "{E6FC1CF2-C131-4FA0-B16C-74C9152A38CD}"
EndProject
Project("{2150E333-8FDC-42A3-9474-1A3956D46DE8}") = "Demo", "Demo", "{A5182A27-C6B2-4B6A-B96D-D3B584F48DAF}"
EndProject
Project("{9A19103F-16F7-4668-BE54-9A1E7A4F7556}") = "TDesign.Admin.Demo.Shared", "demo\Shared\TDesign.Admin.Demo.Shared.csproj", "{C4A2FC09-15D8-486B-9C47-F3FD3C6D68E1}"
EndProject
Project("{FAE04EC0-301F-11D3-BF4B-00C04F79EFBC}") = "TDesign.Admin.Demo.SideServer", "demo\TDesign.Admin.Demo.SideServer\TDesign.Admin.Demo.SideServer.csproj", "{057CF8C0-1597-4E8F-A917-A9254F57CC29}"
EndProject
Project("{FAE04EC0-301F-11D3-BF4B-00C04F79EFBC}") = "TDesign.Admin.ClientSide", "demo\TDesign.Admin.ClientSide\TDesign.Admin.ClientSide.csproj", "{A98FD990-7394-4320-96C5-F7CD39897058}"
EndProject
Global
	GlobalSection(SolutionConfigurationPlatforms) = preSolution
		Debug|Any CPU = Debug|Any CPU
		Release|Any CPU = Release|Any CPU
	EndGlobalSection
	GlobalSection(ProjectConfigurationPlatforms) = postSolution
		{E6FC1CF2-C131-4FA0-B16C-74C9152A38CD}.Debug|Any CPU.ActiveCfg = Debug|Any CPU
		{E6FC1CF2-C131-4FA0-B16C-74C9152A38CD}.Debug|Any CPU.Build.0 = Debug|Any CPU
		{E6FC1CF2-C131-4FA0-B16C-74C9152A38CD}.Release|Any CPU.ActiveCfg = Release|Any CPU
		{E6FC1CF2-C131-4FA0-B16C-74C9152A38CD}.Release|Any CPU.Build.0 = Release|Any CPU
		{C4A2FC09-15D8-486B-9C47-F3FD3C6D68E1}.Debug|Any CPU.ActiveCfg = Debug|Any CPU
		{C4A2FC09-15D8-486B-9C47-F3FD3C6D68E1}.Debug|Any CPU.Build.0 = Debug|Any CPU
		{C4A2FC09-15D8-486B-9C47-F3FD3C6D68E1}.Release|Any CPU.ActiveCfg = Release|Any CPU
		{C4A2FC09-15D8-486B-9C47-F3FD3C6D68E1}.Release|Any CPU.Build.0 = Release|Any CPU
		{057CF8C0-1597-4E8F-A917-A9254F57CC29}.Debug|Any CPU.ActiveCfg = Debug|Any CPU
		{057CF8C0-1597-4E8F-A917-A9254F57CC29}.Debug|Any CPU.Build.0 = Debug|Any CPU
		{057CF8C0-1597-4E8F-A917-A9254F57CC29}.Release|Any CPU.ActiveCfg = Release|Any CPU
		{057CF8C0-1597-4E8F-A917-A9254F57CC29}.Release|Any CPU.Build.0 = Release|Any CPU
		{A98FD990-7394-4320-96C5-F7CD39897058}.Debug|Any CPU.ActiveCfg = Debug|Any CPU
		{A98FD990-7394-4320-96C5-F7CD39897058}.Debug|Any CPU.Build.0 = Debug|Any CPU
		{A98FD990-7394-4320-96C5-F7CD39897058}.Release|Any CPU.ActiveCfg = Release|Any CPU
		{A98FD990-7394-4320-96C5-F7CD39897058}.Release|Any CPU.Build.0 = Release|Any CPU
	EndGlobalSection
	GlobalSection(SolutionProperties) = preSolution
		HideSolutionNode = FALSE
	EndGlobalSection
	GlobalSection(NestedProjects) = preSolution
		{E6FC1CF2-C131-4FA0-B16C-74C9152A38CD} = {12AA77A8-32EF-4A30-9634-BF7AD3020D11}
		{C4A2FC09-15D8-486B-9C47-F3FD3C6D68E1} = {A5182A27-C6B2-4B6A-B96D-D3B584F48DAF}
		{057CF8C0-1597-4E8F-A917-A9254F57CC29} = {A5182A27-C6B2-4B6A-B96D-D3B584F48DAF}
		{A98FD990-7394-4320-96C5-F7CD39897058} = {A5182A27-C6B2-4B6A-B96D-D3B584F48DAF}
	EndGlobalSection
	GlobalSection(ExtensibilityGlobals) = postSolution
		SolutionGuid = {148B15E8-AF51-46F0-A377-A0195240180E}
	EndGlobalSection
EndGlobal
